
Microsoft Visual Studio Solution File, Format Version 12.00
# Visual Studio Version 17
VisualStudioVersion = 17.5.002.0
MinimumVisualStudioVersion = 10.0.40219.1
Project("{9A19103F-16F7-4668-BE54-9A1E7A4F7556}") = "MyLlmPlayground.Console", "sk-llm-playground-console\MyLlmPlayground.Console.csproj", "{CE8E2A52-4ACF-4A5C-BC67-7CD1CF6F4FE1}"
EndProject
Global
	GlobalSection(SolutionConfigurationPlatforms) = preSolution
		Debug|Any CPU = Debug|Any CPU
		Release|Any CPU = Release|Any CPU
	EndGlobalSection
	GlobalSection(ProjectConfigurationPlatforms) = postSolution
		{CE8E2A52-4ACF-4A5C-BC67-7CD1CF6F4FE1}.Debug|Any CPU.ActiveCfg = Debug|Any CPU
		{CE8E2A52-4ACF-4A5C-BC67-7CD1CF6F4FE1}.Debug|Any CPU.Build.0 = Debug|Any CPU
		{CE8E2A52-4ACF-4A5C-BC67-7CD1CF6F4FE1}.Release|Any CPU.ActiveCfg = Release|Any CPU
		{CE8E2A52-4ACF-4A5C-BC67-7CD1CF6F4FE1}.Release|Any CPU.Build.0 = Release|Any CPU
	EndGlobalSection
	GlobalSection(SolutionProperties) = preSolution
		HideSolutionNode = FALSE
	EndGlobalSection
	GlobalSection(ExtensibilityGlobals) = postSolution
		SolutionGuid = {5581A300-6C69-4EDC-9D31-A62F53292F55}
	EndGlobalSection
EndGlobal
